
Microsoft Visual Studio Solution File, Format Version 12.00
# Visual Studio Version 17
VisualStudioVersion = 17.6.33815.320
MinimumVisualStudioVersion = 10.0.40219.1
Project("{FAE04EC0-301F-11D3-BF4B-00C04F79EFBC}") = "Backend", "Backend.csproj", "{F192D07F-D94A-46F3-945D-350679BEC540}"
EndProject
Global
	GlobalSection(SolutionConfigurationPlatforms) = preSolution
		Debug|Any CPU = Debug|Any CPU
		Release|Any CPU = Release|Any CPU
	EndGlobalSection
	GlobalSection(ProjectConfigurationPlatforms) = postSolution
		{F192D07F-D94A-46F3-945D-350679BEC540}.Debug|Any CPU.ActiveCfg = Debug|Any CPU
		{F192D07F-D94A-46F3-945D-350679BEC540}.Debug|Any CPU.Build.0 = Debug|Any CPU
		{F192D07F-D94A-46F3-945D-350679BEC540}.Release|Any CPU.ActiveCfg = Release|Any CPU
		{F192D07F-D94A-46F3-945D-350679BEC540}.Release|Any CPU.Build.0 = Release|Any CPU
	EndGlobalSection
	GlobalSection(SolutionProperties) = preSolution
		HideSolutionNode = FALSE
	EndGlobalSection
	GlobalSection(ExtensibilityGlobals) = postSolution
		SolutionGuid = {153A1F25-D195-41EB-8B3C-21F73BB49952}
	EndGlobalSection
EndGlobal
